
Microsoft Visual Studio Solution File, Format Version 12.00
# Visual Studio Version 17
VisualStudioVersion = 17.1.32421.90
MinimumVisualStudioVersion = 10.0.40219.1
Project("{FAE04EC0-301F-11D3-BF4B-00C04F79EFBC}") = "Klient", "Klient\Klient.csproj", "{389D4188-5A32-43EF-A18A-EE22CFE3421E}"
EndProject
Project("{FAE04EC0-301F-11D3-BF4B-00C04F79EFBC}") = "Server", "Server\Server.csproj", "{3A58FB58-5219-41B6-B75F-64802E15B19C}"
EndProject
Project("{FAE04EC0-301F-11D3-BF4B-00C04F79EFBC}") = "SrvLib", "SrvLib\SrvLib.csproj", "{5BB8FCB9-D98F-449E-95CD-E7B2718F54AD}"
EndProject
Project("{FAE04EC0-301F-11D3-BF4B-00C04F79EFBC}") = "SrvInterface", "SrvInterface\SrvInterface.csproj", "{A97DD643-6C92-4088-AECB-847A3E2384C7}"
EndProject
Global
	GlobalSection(SolutionConfigurationPlatforms) = preSolution
		Debug|Any CPU = Debug|Any CPU
		Release|Any CPU = Release|Any CPU
	EndGlobalSection
	GlobalSection(ProjectConfigurationPlatforms) = postSolution
		{389D4188-5A32-43EF-A18A-EE22CFE3421E}.Debug|Any CPU.ActiveCfg = Debug|Any CPU
		{389D4188-5A32-43EF-A18A-EE22CFE3421E}.Debug|Any CPU.Build.0 = Debug|Any CPU
		{389D4188-5A32-43EF-A18A-EE22CFE3421E}.Release|Any CPU.ActiveCfg = Release|Any CPU
		{389D4188-5A32-43EF-A18A-EE22CFE3421E}.Release|Any CPU.Build.0 = Release|Any CPU
		{3A58FB58-5219-41B6-B75F-64802E15B19C}.Debug|Any CPU.ActiveCfg = Debug|Any CPU
		{3A58FB58-5219-41B6-B75F-64802E15B19C}.Debug|Any CPU.Build.0 = Debug|Any CPU
		{3A58FB58-5219-41B6-B75F-64802E15B19C}.Release|Any CPU.ActiveCfg = Release|Any CPU
		{3A58FB58-5219-41B6-B75F-64802E15B19C}.Release|Any CPU.Build.0 = Release|Any CPU
		{5BB8FCB9-D98F-449E-95CD-E7B2718F54AD}.Debug|Any CPU.ActiveCfg = Debug|Any CPU
		{5BB8FCB9-D98F-449E-95CD-E7B2718F54AD}.Debug|Any CPU.Build.0 = Debug|Any CPU
		{5BB8FCB9-D98F-449E-95CD-E7B2718F54AD}.Release|Any CPU.ActiveCfg = Release|Any CPU
		{5BB8FCB9-D98F-449E-95CD-E7B2718F54AD}.Release|Any CPU.Build.0 = Release|Any CPU
		{A97DD643-6C92-4088-AECB-847A3E2384C7}.Debug|Any CPU.ActiveCfg = Debug|Any CPU
		{A97DD643-6C92-4088-AECB-847A3E2384C7}.Debug|Any CPU.Build.0 = Debug|Any CPU
		{A97DD643-6C92-4088-AECB-847A3E2384C7}.Release|Any CPU.ActiveCfg = Release|Any CPU
		{A97DD643-6C92-4088-AECB-847A3E2384C7}.Release|Any CPU.Build.0 = Release|Any CPU
	EndGlobalSection
	GlobalSection(SolutionProperties) = preSolution
		HideSolutionNode = FALSE
	EndGlobalSection
	GlobalSection(ExtensibilityGlobals) = postSolution
		SolutionGuid = {DB1C9028-B92B-4E42-8962-91EB17C9DC3A}
	EndGlobalSection
EndGlobal
